github.com/davecgh/go-spew v1.1.1 h1:vj9j/u1bqnvCEfJOwUhtlOARqs3+rkHYY13jYWTU97c=
github.com/davecgh/go-spew v1.1.1/go.mod h1:J7Y8YcW2NihsgmVo/mv3lAwl/skON4iLHjSsI+c5H38=
github.com/joeshaw/envdecode v0.0.0-20200121155833-099f1fc765bd h1:nIzoSW6OhhppWLm4yqBwZsKJlAayUu5FGozhrF3ETSM=
github.com/joeshaw/envdecode v0.0.0-20200121155833-099f1fc765bd/go.mod h1:MEQrHur0g8VplbLOv5vXmDzacSaH9Z7XhcgsSh1xciU=
github.com/pmezard/go-difflib v1.0.0 h1:4DBwDE0NGyQoBHbLQYPwSUPoCMWR5BEzIk/f1lZbAQM=
github.com/pmezard/go-difflib v1.0.0/go.mod h1:iKH77koFhYxTK1pcRnkKkqfTogsbg7gZNVY4sRDYZ/4=
github.com/stretchr/testify v1.1.5-0.20171018052257-2aa2c176b9da h1:glZmY4mCDpnJuNJ4z+wbu5y2Qir8LgfkvYgv5as+LBY=
github.com/stretchr/testify v1.1.5-0.20171018052257-2aa2c176b9da/go.mod h1:a8OnRcib4nhh0OaRAV+Yts87kKdq0PP7pXfy6kDkUVs=
